// !$*UTF8*$!
{
	archiveVersion = 1;
	classes = {
	};
	objectVersion = 50;
	objects = {

/* Begin PBXBuildFile section */
		404244FA25790C70000C08AE /* Post.swift in Sources */ = {isa = PBXBuildFile; fileRef = 404244F925790C70000C08AE /* Post.swift */; };
		404244FD25790CDB000C08AE /* NetworkManager.swift in Sources */ = {isa = PBXBuildFile; fileRef = 404244FC25790CDB000C08AE /* NetworkManager.swift */; };
		404CEA862577C67E006FC834 /* AppDelegate.swift in Sources */ = {isa = PBXBuildFile; fileRef = 404CEA852577C67E006FC834 /* AppDelegate.swift */; };
		404CEA8F2577C680006FC834 /* Assets.xcassets in Resources */ = {isa = PBXBuildFile; fileRef = 404CEA8E2577C680006FC834 /* Assets.xcassets */; };
		404CEA922577C680006FC834 /* LaunchScreen.storyboard in Resources */ = {isa = PBXBuildFile; fileRef = 404CEA902577C680006FC834 /* LaunchScreen.storyboard */; };
		404CEA9E2577F7CC006FC834 /* TableNewsController.swift in Sources */ = {isa = PBXBuildFile; fileRef = 404CEA9D2577F7CC006FC834 /* TableNewsController.swift */; };
		404CEAA12577F7F4006FC834 /* DetailedNewsController.swift in Sources */ = {isa = PBXBuildFile; fileRef = 404CEAA02577F7F4006FC834 /* DetailedNewsController.swift */; };
		404CEAB825780505006FC834 /* TableNewsController+.swift in Sources */ = {isa = PBXBuildFile; fileRef = 404CEAB725780505006FC834 /* TableNewsController+.swift */; };
		404CEABD25780846006FC834 /* TableNewsCell.swift in Sources */ = {isa = PBXBuildFile; fileRef = 404CEABC25780846006FC834 /* TableNewsCell.swift */; };
/* End PBXBuildFile section */

/* Begin PBXFileReference section */
		404244F925790C70000C08AE /* Post.swift */ = {isa = PBXFileReference; lastKnownFileType = sourcecode.swift; path = Post.swift; sourceTree = "<group>"; };
		404244FC25790CDB000C08AE /* NetworkManager.swift */ = {isa = PBXFileReference; lastKnownFileType = sourcecode.swift; path = NetworkManager.swift; sourceTree = "<group>"; };
		404CEA822577C67E006FC834 /* RssBankNews.app */ = {isa = PBXFileReference; explicitFileType = wrapper.application; includeInIndex = 0; path = RssBankNews.app; sourceTree = BUILT_PRODUCTS_DIR; };
		404CEA852577C67E006FC834 /* AppDelegate.swift */ = {isa = PBXFileReference; lastKnownFileType = sourcecode.swift; path = AppDelegate.swift; sourceTree = "<group>"; };
		404CEA8E2577C680006FC834 /* Assets.xcassets */ = {isa = PBXFileReference; lastKnownFileType = folder.assetcatalog; path = Assets.xcassets; sourceTree = "<group>"; };
		404CEA912577C680006FC834 /* Base */ = {isa = PBXFileReference; lastKnownFileType = file.storyboard; name = Base; path = Base.lproj/LaunchScreen.storyboard; sourceTree = "<group>"; };
		404CEA932577C680006FC834 /* Info.plist */ = {isa = PBXFileReference; lastKnownFileType = text.plist.xml; path = Info.plist; sourceTree = "<group>"; };
		404CEA9D2577F7CC006FC834 /* TableNewsController.swift */ = {isa = PBXFileReference; lastKnownFileType = sourcecode.swift; path = TableNewsController.swift; sourceTree = "<group>"; };
		404CEAA02577F7F4006FC834 /* DetailedNewsController.swift */ = {isa = PBXFileReference; lastKnownFileType = sourcecode.swift; path = DetailedNewsController.swift; sourceTree = "<group>"; };
		404CEAB725780505006FC834 /* TableNewsController+.swift */ = {isa = PBXFileReference; lastKnownFileType = sourcecode.swift; path = "TableNewsController+.swift"; sourceTree = "<group>"; };
		404CEABC25780846006FC834 /* TableNewsCell.swift */ = {isa = PBXFileReference; lastKnownFileType = sourcecode.swift; path = TableNewsCell.swift; sourceTree = "<group>"; };
/* End PBXFileReference section */

/* Begin PBXFrameworksBuildPhase section */
		404CEA7F2577C67E006FC834 /* Frameworks */ = {
			isa = PBXFrameworksBuildPhase;
			buildActionMask = 2147483647;
			files = (
			);
			runOnlyForDeploymentPostprocessing = 0;
		};
/* End PBXFrameworksBuildPhase section */

/* Begin PBXGroup section */
		404244F625790C26000C08AE /* Network */ = {
			isa = PBXGroup;
			children = (
				404244F725790C2E000C08AE /* Model */,
				404244F825790C36000C08AE /* Client */,
			);
			path = Network;
			sourceTree = "<group>";
		};
		404244F725790C2E000C08AE /* Model */ = {
			isa = PBXGroup;
			children = (
				404244F925790C70000C08AE /* Post.swift */,
			);
			path = Model;
			sourceTree = "<group>";
		};
		404244F825790C36000C08AE /* Client */ = {
			isa = PBXGroup;
			children = (
				404244FC25790CDB000C08AE /* NetworkManager.swift */,
			);
			path = Client;
			sourceTree = "<group>";
		};
		404CEA792577C67E006FC834 = {
			isa = PBXGroup;
			children = (
				404CEA842577C67E006FC834 /* RssBankNews */,
				404CEA8E2577C680006FC834 /* Assets.xcassets */,
				404CEA832577C67E006FC834 /* Products */,
			);
			sourceTree = "<group>";
		};
		404CEA832577C67E006FC834 /* Products */ = {
			isa = PBXGroup;
			children = (
				404CEA822577C67E006FC834 /* RssBankNews.app */,
			);
			name = Products;
			sourceTree = "<group>";
		};
		404CEA842577C67E006FC834 /* RssBankNews */ = {
			isa = PBXGroup;
			children = (
				404CEAAA2577F980006FC834 /* Application */,
				404244F625790C26000C08AE /* Network */,
				404CEAA62577F8F5006FC834 /* Model */,
				404CEAA72577F8FC006FC834 /* View */,
				404CEAA82577F904006FC834 /* Controller */,
				404CEAB12578048B006FC834 /* Extensions */,
			);
			path = RssBankNews;
			sourceTree = "<group>";
		};
		404CEAA62577F8F5006FC834 /* Model */ = {
			isa = PBXGroup;
			children = (
				404CEABC25780846006FC834 /* TableNewsCell.swift */,
			);
			path = Model;
			sourceTree = "<group>";
		};
		404CEAA72577F8FC006FC834 /* View */ = {
			isa = PBXGroup;
			children = (
			);
			path = View;
			sourceTree = "<group>";
		};
		404CEAA82577F904006FC834 /* Controller */ = {
			isa = PBXGroup;
			children = (
				404CEA9D2577F7CC006FC834 /* TableNewsController.swift */,
				404CEAA02577F7F4006FC834 /* DetailedNewsController.swift */,
			);
			path = Controller;
			sourceTree = "<group>";
		};
		404CEAAA2577F980006FC834 /* Application */ = {
			isa = PBXGroup;
			children = (
				404CEA852577C67E006FC834 /* AppDelegate.swift */,
				404CEA902577C680006FC834 /* LaunchScreen.storyboard */,
				404CEA932577C680006FC834 /* Info.plist */,
			);
			path = Application;
			sourceTree = "<group>";
		};
		404CEAB12578048B006FC834 /* Extensions */ = {
			isa = PBXGroup;
			children = (
				404CEAB725780505006FC834 /* TableNewsController+.swift */,
			);
			path = Extensions;
			sourceTree = "<group>";
		};
/* End PBXGroup section */

/* Begin PBXNativeTarget section */
		404CEA812577C67E006FC834 /* RssBankNews */ = {
			isa = PBXNativeTarget;
			buildConfigurationList = 404CEA962577C680006FC834 /* Build configuration list for PBXNativeTarget "RssBankNews" */;
			buildPhases = (
				404CEA7E2577C67E006FC834 /* Sources */,
				404CEA7F2577C67E006FC834 /* Frameworks */,
				404CEA802577C67E006FC834 /* Resources */,
			);
			buildRules = (
			);
			dependencies = (
			);
			name = RssBankNews;
			productName = RssBankNews;
			productReference = 404CEA822577C67E006FC834 /* RssBankNews.app */;
			productType = "com.apple.product-type.application";
		};
/* End PBXNativeTarget section */

/* Begin PBXProject section */
		404CEA7A2577C67E006FC834 /* Project object */ = {
			isa = PBXProject;
			attributes = {
				LastSwiftUpdateCheck = 1200;
				LastUpgradeCheck = 1200;
				TargetAttributes = {
					404CEA812577C67E006FC834 = {
						CreatedOnToolsVersion = 12.0.1;
					};
				};
			};
			buildConfigurationList = 404CEA7D2577C67E006FC834 /* Build configuration list for PBXProject "RssBankNews" */;
			compatibilityVersion = "Xcode 9.3";
			developmentRegion = en;
			hasScannedForEncodings = 0;
			knownRegions = (
				en,
				Base,
			);
			mainGroup = 404CEA792577C67E006FC834;
			productRefGroup = 404CEA832577C67E006FC834 /* Products */;
			projectDirPath = "";
			projectRoot = "";
			targets = (
				404CEA812577C67E006FC834 /* RssBankNews */,
			);
		};
/* End PBXProject section */

/* Begin PBXResourcesBuildPhase section */
		404CEA802577C67E006FC834 /* Resources */ = {
			isa = PBXResourcesBuildPhase;
			buildActionMask = 2147483647;
			files = (
				404CEA922577C680006FC834 /* LaunchScreen.storyboard in Resources */,
				404CEA8F2577C680006FC834 /* Assets.xcassets in Resources */,
			);
			runOnlyForDeploymentPostprocessing = 0;
		};
/* End PBXResourcesBuildPhase section */

/* Begin PBXSourcesBuildPhase section */
		404CEA7E2577C67E006FC834 /* Sources */ = {
			isa = PBXSourcesBuildPhase;
			buildActionMask = 2147483647;
			files = (
				404CEABD25780846006FC834 /* TableNewsCell.swift in Sources */,
				404CEAA12577F7F4006FC834 /* DetailedNewsController.swift in Sources */,
				404CEAB825780505006FC834 /* TableNewsController+.swift in Sources */,
				404244FD25790CDB000C08AE /* NetworkManager.swift in Sources */,
				404244FA25790C70000C08AE /* Post.swift in Sources */,
				404CEA9E2577F7CC006FC834 /* TableNewsController.swift in Sources */,
				404CEA862577C67E006FC834 /* AppDelegate.swift in Sources */,
			);
			runOnlyForDeploymentPostprocessing = 0;
		};
/* End PBXSourcesBuildPhase section */

/* Begin PBXVariantGroup section */
		404CEA902577C680006FC834 /* LaunchScreen.storyboard */ = {
			isa = PBXVariantGroup;
			children = (
				404CEA912577C680006FC834 /* Base */,
			);
			name = LaunchScreen.storyboard;
			sourceTree = "<group>";
		};
/* End PBXVariantGroup section */

/* Begin XCBuildConfiguration section */
		404CEA942577C680006FC834 /* Debug */ = {
			isa = XCBuildConfiguration;
			buildSettings = {
				ALWAYS_SEARCH_USER_PATHS = NO;
				CLANG_ANALYZER_NONNULL = YES;
				CLANG_ANALYZER_NUMBER_OBJECT_CONVERSION = YES_AGGRESSIVE;
				CLANG_CXX_LANGUAGE_STANDARD = "gnu++14";
				CLANG_CXX_LIBRARY = "libc++";
				CLANG_ENABLE_MODULES = YES;
				CLANG_ENABLE_OBJC_ARC = YES;
				CLANG_ENABLE_OBJC_WEAK = YES;
				CLANG_WARN_BLOCK_CAPTURE_AUTORELEASING = YES;
				CLANG_WARN_BOOL_CONVERSION = YES;
				CLANG_WARN_COMMA = YES;
				CLANG_WARN_CONSTANT_CONVERSION = YES;
				CLANG_WARN_DEPRECATED_OBJC_IMPLEMENTATIONS = YES;
				CLANG_WARN_DIRECT_OBJC_ISA_USAGE = YES_ERROR;
				CLANG_WARN_DOCUMENTATION_COMMENTS = YES;
				CLANG_WARN_EMPTY_BODY = YES;
				CLANG_WARN_ENUM_CONVERSION = YES;
				CLANG_WARN_INFINITE_RECURSION = YES;
				CLANG_WARN_INT_CONVERSION = YES;
				CLANG_WARN_NON_LITERAL_NULL_CONVERSION = YES;
				CLANG_WARN_OBJC_IMPLICIT_RETAIN_SELF = YES;
				CLANG_WARN_OBJC_LITERAL_CONVERSION = YES;
				CLANG_WARN_OBJC_ROOT_CLASS = YES_ERROR;
				CLANG_WARN_QUOTED_INCLUDE_IN_FRAMEWORK_HEADER = YES;
				CLANG_WARN_RANGE_LOOP_ANALYSIS = YES;
				CLANG_WARN_STRICT_PROTOTYPES = YES;
				CLANG_WARN_SUSPICIOUS_MOVE = YES;
				CLANG_WARN_UNGUARDED_AVAILABILITY = YES_AGGRESSIVE;
				CLANG_WARN_UNREACHABLE_CODE = YES;
				CLANG_WARN__DUPLICATE_METHOD_MATCH = YES;
				COPY_PHASE_STRIP = NO;
				DEBUG_INFORMATION_FORMAT = dwarf;
				ENABLE_STRICT_OBJC_MSGSEND = YES;
				ENABLE_TESTABILITY = YES;
				GCC_C_LANGUAGE_STANDARD = gnu11;
				GCC_DYNAMIC_NO_PIC = NO;
				GCC_NO_COMMON_BLOCKS = YES;
				GCC_OPTIMIZATION_LEVEL = 0;
				GCC_PREPROCESSOR_DEFINITIONS = (
					"DEBUG=1",
					"$(inherited)",
				);
				GCC_WARN_64_TO_32_BIT_CONVERSION = YES;
				GCC_WARN_ABOUT_RETURN_TYPE = YES_ERROR;
				GCC_WARN_UNDECLARED_SELECTOR = YES;
				GCC_WARN_UNINITIALIZED_AUTOS = YES_AGGRESSIVE;
				GCC_WARN_UNUSED_FUNCTION = YES;
				GCC_WARN_UNUSED_VARIABLE = YES;
				IPHONEOS_DEPLOYMENT_TARGET = 14.0;
				MTL_ENABLE_DEBUG_INFO = INCLUDE_SOURCE;
				MTL_FAST_MATH = YES;
				ONLY_ACTIVE_ARCH = YES;
				SDKROOT = iphoneos;
				SWIFT_ACTIVE_COMPILATION_CONDITIONS = DEBUG;
				SWIFT_OPTIMIZATION_LEVEL = "-Onone";
			};
			name = Debug;
		};
		404CEA952577C680006FC834 /* Release */ = {
			isa = XCBuildConfiguration;
			buildSettings = {
				ALWAYS_SEARCH_USER_PATHS = NO;
				CLANG_ANALYZER_NONNULL = YES;
				CLANG_ANALYZER_NUMBER_OBJECT_CONVERSION = YES_AGGRESSIVE;
				CLANG_CXX_LANGUAGE_STANDARD = "gnu++14";
				CLANG_CXX_LIBRARY = "libc++";
				CLANG_ENABLE_MODULES = YES;
				CLANG_ENABLE_OBJC_ARC = YES;
				CLANG_ENABLE_OBJC_WEAK = YES;
				CLANG_WARN_BLOCK_CAPTURE_AUTORELEASING = YES;
				CLANG_WARN_BOOL_CONVERSION = YES;
				CLANG_WARN_COMMA = YES;
				CLANG_WARN_CONSTANT_CONVERSION = YES;
				CLANG_WARN_DEPRECATED_OBJC_IMPLEMENTATIONS = YES;
				CLANG_WARN_DIRECT_OBJC_ISA_USAGE = YES_ERROR;
				CLANG_WARN_DOCUMENTATION_COMMENTS = YES;
				CLANG_WARN_EMPTY_BODY = YES;
				CLANG_WARN_ENUM_CONVERSION = YES;
				CLANG_WARN_INFINITE_RECURSION = YES;
				CLANG_WARN_INT_CONVERSION = YES;
				CLANG_WARN_NON_LITERAL_NULL_CONVERSION = YES;
				CLANG_WARN_OBJC_IMPLICIT_RETAIN_SELF = YES;
				CLANG_WARN_OBJC_LITERAL_CONVERSION = YES;
				CLANG_WARN_OBJC_ROOT_CLASS = YES_ERROR;
				CLANG_WARN_QUOTED_INCLUDE_IN_FRAMEWORK_HEADER = YES;
				CLANG_WARN_RANGE_LOOP_ANALYSIS = YES;
				CLANG_WARN_STRICT_PROTOTYPES = YES;
				CLANG_WARN_SUSPICIOUS_MOVE = YES;
				CLANG_WARN_UNGUARDED_AVAILABILITY = YES_AGGRESSIVE;
				CLANG_WARN_UNREACHABLE_CODE = YES;
				CLANG_WARN__DUPLICATE_METHOD_MATCH = YES;
				COPY_PHASE_STRIP = NO;
				DEBUG_INFORMATION_FORMAT = "dwarf-with-dsym";
				ENABLE_NS_ASSERTIONS = NO;
				ENABLE_STRICT_OBJC_MSGSEND = YES;
				GCC_C_LANGUAGE_STANDARD = gnu11;
				GCC_NO_COMMON_BLOCKS = YES;
				GCC_WARN_64_TO_32_BIT_CONVERSION = YES;
				GCC_WARN_ABOUT_RETURN_TYPE = YES_ERROR;
				GCC_WARN_UNDECLARED_SELECTOR = YES;
				GCC_WARN_UNINITIALIZED_AUTOS = YES_AGGRESSIVE;
				GCC_WARN_UNUSED_FUNCTION = YES;
				GCC_WARN_UNUSED_VARIABLE = YES;
				IPHONEOS_DEPLOYMENT_TARGET = 14.0;
				MTL_ENABLE_DEBUG_INFO = NO;
				MTL_FAST_MATH = YES;
				SDKROOT = iphoneos;
				SWIFT_COMPILATION_MODE = wholemodule;
				SWIFT_OPTIMIZATION_LEVEL = "-O";
				VALIDATE_PRODUCT = YES;
			};
			name = Release;
		};
		404CEA972577C680006FC834 /* Debug */ = {
			isa = XCBuildConfiguration;
			buildSettings = {
				ASSETCATALOG_COMPILER_APPICON_NAME = AppIcon;
				ASSETCATALOG_COMPILER_GLOBAL_ACCENT_COLOR_NAME = AccentColor;
				CODE_SIGN_STYLE = Automatic;
				DEVELOPMENT_TEAM = D988H4JU9C;
				INFOPLIST_FILE = RssBankNews/Application/Info.plist;
				LD_RUNPATH_SEARCH_PATHS = (
					"$(inherited)",
					"@executable_path/Frameworks",
				);
				PRODUCT_BUNDLE_IDENTIFIER = com.nickoldschoool.RssBankNews;
				PRODUCT_NAME = "$(TARGET_NAME)";
				SWIFT_VERSION = 5.0;
				TARGETED_DEVICE_FAMILY = "1,2";
			};
			name = Debug;
		};
		404CEA982577C680006FC834 /* Release */ = {
			isa = XCBuildConfiguration;
			buildSettings = {
				ASSETCATALOG_COMPILER_APPICON_NAME = AppIcon;
				ASSETCATALOG_COMPILER_GLOBAL_ACCENT_COLOR_NAME = AccentColor;
				CODE_SIGN_STYLE = Automatic;
				DEVELOPMENT_TEAM = D988H4JU9C;
				INFOPLIST_FILE = RssBankNews/Application/Info.plist;
				LD_RUNPATH_SEARCH_PATHS = (
					"$(inherited)",
					"@executable_path/Frameworks",
				);
				PRODUCT_BUNDLE_IDENTIFIER = com.nickoldschoool.RssBankNews;
				PRODUCT_NAME = "$(TARGET_NAME)";
				SWIFT_VERSION = 5.0;
				TARGETED_DEVICE_FAMILY = "1,2";
			};
			name = Release;
		};
/* End XCBuildConfiguration section */

/* Begin XCConfigurationList section */
		404CEA7D2577C67E006FC834 /* Build configuration list for PBXProject "RssBankNews" */ = {
			isa = XCConfigurationList;
			buildConfigurations = (
				404CEA942577C680006FC834 /* Debug */,
				404CEA952577C680006FC834 /* Release */,
			);
			defaultConfigurationIsVisible = 0;
			defaultConfigurationName = Release;
		};
		404CEA962577C680006FC834 /* Build configuration list for PBXNativeTarget "RssBankNews" */ = {
			isa = XCConfigurationList;
			buildConfigurations = (
				404CEA972577C680006FC834 /* Debug */,
				404CEA982577C680006FC834 /* Release */,
			);
			defaultConfigurationIsVisible = 0;
			defaultConfigurationName = Release;
		};
/* End XCConfigurationList section */
	};
	rootObject = 404CEA7A2577C67E006FC834 /* Project object */;
}
